
Microsoft Visual Studio Solution File, Format Version 12.00
# Visual Studio Version 17
VisualStudioVersion = 17.8.34309.116
MinimumVisualStudioVersion = 10.0.40219.1
Project("{FAE04EC0-301F-11D3-BF4B-00C04F79EFBC}") = "19", "19.csproj", "{F8D2B5A5-6952-4D47-ADA6-EA726B0F78BA}"
EndProject
Global
	GlobalSection(SolutionConfigurationPlatforms) = preSolution
		Debug|Any CPU = Debug|Any CPU
		Release|Any CPU = Release|Any CPU
	EndGlobalSection
	GlobalSection(ProjectConfigurationPlatforms) = postSolution
		{F8D2B5A5-6952-4D47-ADA6-EA726B0F78BA}.Debug|Any CPU.ActiveCfg = Debug|Any CPU
		{F8D2B5A5-6952-4D47-ADA6-EA726B0F78BA}.Debug|Any CPU.Build.0 = Debug|Any CPU
		{F8D2B5A5-6952-4D47-ADA6-EA726B0F78BA}.Release|Any CPU.ActiveCfg = Release|Any CPU
		{F8D2B5A5-6952-4D47-ADA6-EA726B0F78BA}.Release|Any CPU.Build.0 = Release|Any CPU
	EndGlobalSection
	GlobalSection(SolutionProperties) = preSolution
		HideSolutionNode = FALSE
	EndGlobalSection
	GlobalSection(ExtensibilityGlobals) = postSolution
		SolutionGuid = {25F0336F-37EC-4D2B-8602-CF7F5650385D}
	EndGlobalSection
EndGlobal
