
Microsoft Visual Studio Solution File, Format Version 12.00
# Visual Studio Version 17
VisualStudioVersion = 17.8.34309.116
MinimumVisualStudioVersion = 10.0.40219.1
Project("{FAE04EC0-301F-11D3-BF4B-00C04F79EFBC}") = "3", "3.csproj", "{7602F647-CB6D-4D7B-9EF0-EBEBA79950AE}"
EndProject
Global
	GlobalSection(SolutionConfigurationPlatforms) = preSolution
		Debug|Any CPU = Debug|Any CPU
		Release|Any CPU = Release|Any CPU
	EndGlobalSection
	GlobalSection(ProjectConfigurationPlatforms) = postSolution
		{7602F647-CB6D-4D7B-9EF0-EBEBA79950AE}.Debug|Any CPU.ActiveCfg = Debug|Any CPU
		{7602F647-CB6D-4D7B-9EF0-EBEBA79950AE}.Debug|Any CPU.Build.0 = Debug|Any CPU
		{7602F647-CB6D-4D7B-9EF0-EBEBA79950AE}.Release|Any CPU.ActiveCfg = Release|Any CPU
		{7602F647-CB6D-4D7B-9EF0-EBEBA79950AE}.Release|Any CPU.Build.0 = Release|Any CPU
	EndGlobalSection
	GlobalSection(SolutionProperties) = preSolution
		HideSolutionNode = FALSE
	EndGlobalSection
	GlobalSection(ExtensibilityGlobals) = postSolution
		SolutionGuid = {A45B75F9-37E2-4E28-8E3F-82E80A19F773}
	EndGlobalSection
EndGlobal
